
Microsoft Visual Studio Solution File, Format Version 12.00
# Visual Studio Version 16
VisualStudioVersion = 16.0.30804.86
MinimumVisualStudioVersion = 10.0.40219.1
Project("{FAE04EC0-301F-11D3-BF4B-00C04F79EFBC}") = "01.SortEvenNumbers", "01.SortEvenNumbers\01.SortEvenNumbers.csproj", "{9C371675-87FE-4016-BE1A-4470D35F7370}"
EndProject
Project("{FAE04EC0-301F-11D3-BF4B-00C04F79EFBC}") = "02.SumNumbers", "02.SumNumbers\02.SumNumbers.csproj", "{49C59EFA-0B07-4F3A-AF38-FAF8B75E7E7B}"
EndProject
Project("{FAE04EC0-301F-11D3-BF4B-00C04F79EFBC}") = "03.CountUppercaseWords", "03.CountUppercaseWords\03.CountUppercaseWords.csproj", "{3E640AB9-CC10-4F7E-A3B2-FF4B5FDC80B3}"
EndProject
Project("{FAE04EC0-301F-11D3-BF4B-00C04F79EFBC}") = "04.AddVAT", "04.AddVAT\04.AddVAT.csproj", "{653777CE-76D2-48BA-94CD-8EDA5B22D691}"
EndProject
Project("{FAE04EC0-301F-11D3-BF4B-00C04F79EFBC}") = "05.FilterByAge", "05.FilterByAge\05.FilterByAge.csproj", "{0284B74C-AA0C-4212-B695-B4563CBF6078}"
EndProject
Global
	GlobalSection(SolutionConfigurationPlatforms) = preSolution
		Debug|Any CPU = Debug|Any CPU
		Release|Any CPU = Release|Any CPU
	EndGlobalSection
	GlobalSection(ProjectConfigurationPlatforms) = postSolution
		{9C371675-87FE-4016-BE1A-4470D35F7370}.Debug|Any CPU.ActiveCfg = Debug|Any CPU
		{9C371675-87FE-4016-BE1A-4470D35F7370}.Debug|Any CPU.Build.0 = Debug|Any CPU
		{9C371675-87FE-4016-BE1A-4470D35F7370}.Release|Any CPU.ActiveCfg = Release|Any CPU
		{9C371675-87FE-4016-BE1A-4470D35F7370}.Release|Any CPU.Build.0 = Release|Any CPU
		{49C59EFA-0B07-4F3A-AF38-FAF8B75E7E7B}.Debug|Any CPU.ActiveCfg = Debug|Any CPU
		{49C59EFA-0B07-4F3A-AF38-FAF8B75E7E7B}.Debug|Any CPU.Build.0 = Debug|Any CPU
		{49C59EFA-0B07-4F3A-AF38-FAF8B75E7E7B}.Release|Any CPU.ActiveCfg = Release|Any CPU
		{49C59EFA-0B07-4F3A-AF38-FAF8B75E7E7B}.Release|Any CPU.Build.0 = Release|Any CPU
		{3E640AB9-CC10-4F7E-A3B2-FF4B5FDC80B3}.Debug|Any CPU.ActiveCfg = Debug|Any CPU
		{3E640AB9-CC10-4F7E-A3B2-FF4B5FDC80B3}.Debug|Any CPU.Build.0 = Debug|Any CPU
		{3E640AB9-CC10-4F7E-A3B2-FF4B5FDC80B3}.Release|Any CPU.ActiveCfg = Release|Any CPU
		{3E640AB9-CC10-4F7E-A3B2-FF4B5FDC80B3}.Release|Any CPU.Build.0 = Release|Any CPU
		{653777CE-76D2-48BA-94CD-8EDA5B22D691}.Debug|Any CPU.ActiveCfg = Debug|Any CPU
		{653777CE-76D2-48BA-94CD-8EDA5B22D691}.Debug|Any CPU.Build.0 = Debug|Any CPU
		{653777CE-76D2-48BA-94CD-8EDA5B22D691}.Release|Any CPU.ActiveCfg = Release|Any CPU
		{653777CE-76D2-48BA-94CD-8EDA5B22D691}.Release|Any CPU.Build.0 = Release|Any CPU
		{0284B74C-AA0C-4212-B695-B4563CBF6078}.Debug|Any CPU.ActiveCfg = Debug|Any CPU
		{0284B74C-AA0C-4212-B695-B4563CBF6078}.Debug|Any CPU.Build.0 = Debug|Any CPU
		{0284B74C-AA0C-4212-B695-B4563CBF6078}.Release|Any CPU.ActiveCfg = Release|Any CPU
		{0284B74C-AA0C-4212-B695-B4563CBF6078}.Release|Any CPU.Build.0 = Release|Any CPU
	EndGlobalSection
	GlobalSection(SolutionProperties) = preSolution
		HideSolutionNode = FALSE
	EndGlobalSection
	GlobalSection(ExtensibilityGlobals) = postSolution
		SolutionGuid = {4263D196-36B5-4F72-B7EC-B49902FF3959}
	EndGlobalSection
EndGlobal
